
Microsoft Visual Studio Solution File, Format Version 12.00
# Visual Studio 15
VisualStudioVersion = 15.0.26228.12
MinimumVisualStudioVersion = 10.0.40219.1
Project("{8BC9CEB8-8B4A-11D0-8D11-00A0C91BC942}") = "bdassConsole", "bdassConsole\bdassConsole.vcxproj", "{204344CD-B010-4D15-9597-1258B4D830F3}"
EndProject
Project("{8BC9CEB8-8B4A-11D0-8D11-00A0C91BC942}") = "BDMFCSerial", "BDMFCSerial\BDMFCSerial.vcxproj", "{D3D3E98D-49A4-4989-8D21-2FEF3EEBC736}"
EndProject
Global
	GlobalSection(SolutionConfigurationPlatforms) = preSolution
		Debug|x64 = Debug|x64
		Debug|x86 = Debug|x86
		Release|x64 = Release|x64
		Release|x86 = Release|x86
		Template|x64 = Template|x64
		Template|x86 = Template|x86
	EndGlobalSection
	GlobalSection(ProjectConfigurationPlatforms) = postSolution
		{204344CD-B010-4D15-9597-1258B4D830F3}.Debug|x64.ActiveCfg = Debug|x64
		{204344CD-B010-4D15-9597-1258B4D830F3}.Debug|x64.Build.0 = Debug|x64
		{204344CD-B010-4D15-9597-1258B4D830F3}.Debug|x86.ActiveCfg = Debug|Win32
		{204344CD-B010-4D15-9597-1258B4D830F3}.Debug|x86.Build.0 = Debug|Win32
		{204344CD-B010-4D15-9597-1258B4D830F3}.Release|x64.ActiveCfg = Release|x64
		{204344CD-B010-4D15-9597-1258B4D830F3}.Release|x64.Build.0 = Release|x64
		{204344CD-B010-4D15-9597-1258B4D830F3}.Release|x86.ActiveCfg = Release|Win32
		{204344CD-B010-4D15-9597-1258B4D830F3}.Release|x86.Build.0 = Release|Win32
		{204344CD-B010-4D15-9597-1258B4D830F3}.Template|x64.ActiveCfg = Release|x64
		{204344CD-B010-4D15-9597-1258B4D830F3}.Template|x64.Build.0 = Release|x64
		{204344CD-B010-4D15-9597-1258B4D830F3}.Template|x86.ActiveCfg = Release|Win32
		{204344CD-B010-4D15-9597-1258B4D830F3}.Template|x86.Build.0 = Release|Win32
		{D3D3E98D-49A4-4989-8D21-2FEF3EEBC736}.Debug|x64.ActiveCfg = Debug|x64
		{D3D3E98D-49A4-4989-8D21-2FEF3EEBC736}.Debug|x64.Build.0 = Debug|x64
		{D3D3E98D-49A4-4989-8D21-2FEF3EEBC736}.Debug|x86.ActiveCfg = Debug|Win32
		{D3D3E98D-49A4-4989-8D21-2FEF3EEBC736}.Debug|x86.Build.0 = Debug|Win32
		{D3D3E98D-49A4-4989-8D21-2FEF3EEBC736}.Release|x64.ActiveCfg = Release|x64
		{D3D3E98D-49A4-4989-8D21-2FEF3EEBC736}.Release|x64.Build.0 = Release|x64
		{D3D3E98D-49A4-4989-8D21-2FEF3EEBC736}.Release|x86.ActiveCfg = Release|Win32
		{D3D3E98D-49A4-4989-8D21-2FEF3EEBC736}.Release|x86.Build.0 = Release|Win32
		{D3D3E98D-49A4-4989-8D21-2FEF3EEBC736}.Template|x64.ActiveCfg = Release|x64
		{D3D3E98D-49A4-4989-8D21-2FEF3EEBC736}.Template|x64.Build.0 = Release|x64
		{D3D3E98D-49A4-4989-8D21-2FEF3EEBC736}.Template|x86.ActiveCfg = Release|Win32
		{D3D3E98D-49A4-4989-8D21-2FEF3EEBC736}.Template|x86.Build.0 = Release|Win32
	EndGlobalSection
	GlobalSection(SolutionProperties) = preSolution
		HideSolutionNode = FALSE
	EndGlobalSection
EndGlobal
